
Microsoft Visual Studio Solution File, Format Version 12.00
Project("{FAE04EC0-301F-11D3-BF4B-00C04F79EFBC}") = "SemanticAssertions", "SemanticAssertions\SemanticAssertions.csproj", "{7F3A8B0C-9BD6-4DAB-AE0D-AF2A13FDEA58}"
EndProject
Project("{2150E333-8FDC-42A3-9474-1A3956D46DE8}") = "tests", "tests", "{731F52AB-0854-4ABC-B148-6CA65D711541}"
EndProject
Project("{FAE04EC0-301F-11D3-BF4B-00C04F79EFBC}") = "SemanticAssertions.IntegrationTests", "SemanticAssertions.IntegrationTests\SemanticAssertions.IntegrationTests.csproj", "{1A4EF300-22D6-462B-BB10-8A7A0F455874}"
EndProject
Global
	GlobalSection(SolutionConfigurationPlatforms) = preSolution
		Debug|Any CPU = Debug|Any CPU
		Release|Any CPU = Release|Any CPU
	EndGlobalSection
	GlobalSection(ProjectConfigurationPlatforms) = postSolution
		{7F3A8B0C-9BD6-4DAB-AE0D-AF2A13FDEA58}.Debug|Any CPU.ActiveCfg = Debug|Any CPU
		{7F3A8B0C-9BD6-4DAB-AE0D-AF2A13FDEA58}.Debug|Any CPU.Build.0 = Debug|Any CPU
		{7F3A8B0C-9BD6-4DAB-AE0D-AF2A13FDEA58}.Release|Any CPU.ActiveCfg = Release|Any CPU
		{7F3A8B0C-9BD6-4DAB-AE0D-AF2A13FDEA58}.Release|Any CPU.Build.0 = Release|Any CPU
		{1A4EF300-22D6-462B-BB10-8A7A0F455874}.Debug|Any CPU.ActiveCfg = Debug|Any CPU
		{1A4EF300-22D6-462B-BB10-8A7A0F455874}.Debug|Any CPU.Build.0 = Debug|Any CPU
		{1A4EF300-22D6-462B-BB10-8A7A0F455874}.Release|Any CPU.ActiveCfg = Release|Any CPU
		{1A4EF300-22D6-462B-BB10-8A7A0F455874}.Release|Any CPU.Build.0 = Release|Any CPU
	EndGlobalSection
	GlobalSection(NestedProjects) = preSolution
		{1A4EF300-22D6-462B-BB10-8A7A0F455874} = {731F52AB-0854-4ABC-B148-6CA65D711541}
	EndGlobalSection
EndGlobal
